
Microsoft Visual Studio Solution File, Format Version 11.00
# Visual Studio 2010
Project("{FAE04EC0-301F-11D3-BF4B-00C04F79EFBC}") = "WaterTankMonitor", "WaterTankMonitor\WaterTankMonitor.csproj", "{3439E55C-D880-4EE1-A90D-083E3A281171}"
EndProject
Project("{FAE04EC0-301F-11D3-BF4B-00C04F79EFBC}") = "CW.NETMF.OneWire", "CW.NETMF.OneWire\CW.NETMF.OneWire.csproj", "{36D1E1DB-205C-4439-A90C-FA7ADB1023F0}"
EndProject
Global
	GlobalSection(SolutionConfigurationPlatforms) = preSolution
		Debug|Any CPU = Debug|Any CPU
		Release|Any CPU = Release|Any CPU
	EndGlobalSection
	GlobalSection(ProjectConfigurationPlatforms) = postSolution
		{3439E55C-D880-4EE1-A90D-083E3A281171}.Debug|Any CPU.ActiveCfg = Debug|Any CPU
		{3439E55C-D880-4EE1-A90D-083E3A281171}.Debug|Any CPU.Build.0 = Debug|Any CPU
		{3439E55C-D880-4EE1-A90D-083E3A281171}.Debug|Any CPU.Deploy.0 = Debug|Any CPU
		{3439E55C-D880-4EE1-A90D-083E3A281171}.Release|Any CPU.ActiveCfg = Release|Any CPU
		{3439E55C-D880-4EE1-A90D-083E3A281171}.Release|Any CPU.Build.0 = Release|Any CPU
		{3439E55C-D880-4EE1-A90D-083E3A281171}.Release|Any CPU.Deploy.0 = Release|Any CPU
		{36D1E1DB-205C-4439-A90C-FA7ADB1023F0}.Debug|Any CPU.ActiveCfg = Debug|Any CPU
		{36D1E1DB-205C-4439-A90C-FA7ADB1023F0}.Debug|Any CPU.Build.0 = Debug|Any CPU
		{36D1E1DB-205C-4439-A90C-FA7ADB1023F0}.Release|Any CPU.ActiveCfg = Release|Any CPU
		{36D1E1DB-205C-4439-A90C-FA7ADB1023F0}.Release|Any CPU.Build.0 = Release|Any CPU
	EndGlobalSection
	GlobalSection(SolutionProperties) = preSolution
		HideSolutionNode = FALSE
	EndGlobalSection
	GlobalSection(SubversionScc) = preSolution
		Svn-Managed = True
		Manager = AnkhSVN - Subversion Support for Visual Studio
	EndGlobalSection
EndGlobal
